// !$*UTF8*$!
{
	archiveVersion = 1;
	classes = {
	};
	objectVersion = 46;
	objects = {

/* Begin PBXBuildFile section */
		F92759F71C79BC22009E5888 /* Alamofire.framework in Frameworks */ = {isa = PBXBuildFile; fileRef = F92759EA1C79BC04009E5888 /* Alamofire.framework */; };
		F92759F81C79BC22009E5888 /* Alamofire.framework in Embed Frameworks */ = {isa = PBXBuildFile; fileRef = F92759EA1C79BC04009E5888 /* Alamofire.framework */; settings = {ATTRIBUTES = (CodeSignOnCopy, RemoveHeadersOnCopy, ); }; };
		F98BD2101C78329600BF57D3 /* AppDelegate.swift in Sources */ = {isa = PBXBuildFile; fileRef = F98BD20F1C78329600BF57D3 /* AppDelegate.swift */; };
		F98BD2121C78329600BF57D3 /* ViewController.swift in Sources */ = {isa = PBXBuildFile; fileRef = F98BD2111C78329600BF57D3 /* ViewController.swift */; };
		F98BD2151C78329600BF57D3 /* Main.storyboard in Resources */ = {isa = PBXBuildFile; fileRef = F98BD2131C78329600BF57D3 /* Main.storyboard */; };
		F98BD2171C78329600BF57D3 /* Assets.xcassets in Resources */ = {isa = PBXBuildFile; fileRef = F98BD2161C78329600BF57D3 /* Assets.xcassets */; };
		F98BD21A1C78329600BF57D3 /* LaunchScreen.storyboard in Resources */ = {isa = PBXBuildFile; fileRef = F98BD2181C78329600BF57D3 /* LaunchScreen.storyboard */; };
		F98BD2251C78329600BF57D3 /* PeltierControlTests.swift in Sources */ = {isa = PBXBuildFile; fileRef = F98BD2241C78329600BF57D3 /* PeltierControlTests.swift */; };
		F98BD2301C78329700BF57D3 /* PeltierControlUITests.swift in Sources */ = {isa = PBXBuildFile; fileRef = F98BD22F1C78329700BF57D3 /* PeltierControlUITests.swift */; };
/* End PBXBuildFile section */

/* Begin PBXContainerItemProxy section */
		F92759E91C79BC04009E5888 /* PBXContainerItemProxy */ = {
			isa = PBXContainerItemProxy;
			containerPortal = F92759DF1C79BC04009E5888 /* Alamofire.xcodeproj */;
			proxyType = 2;
			remoteGlobalIDString = F8111E3319A95C8B0040E7D1;
			remoteInfo = "Alamofire iOS";
		};
		F92759EB1C79BC04009E5888 /* PBXContainerItemProxy */ = {
			isa = PBXContainerItemProxy;
			containerPortal = F92759DF1C79BC04009E5888 /* Alamofire.xcodeproj */;
			proxyType = 2;
			remoteGlobalIDString = F8111E3E19A95C8B0040E7D1;
			remoteInfo = "Alamofire iOS Tests";
		};
		F92759ED1C79BC04009E5888 /* PBXContainerItemProxy */ = {
			isa = PBXContainerItemProxy;
			containerPortal = F92759DF1C79BC04009E5888 /* Alamofire.xcodeproj */;
			proxyType = 2;
			remoteGlobalIDString = 4DD67C0B1A5C55C900ED2280;
			remoteInfo = "Alamofire OSX";
		};
		F92759EF1C79BC04009E5888 /* PBXContainerItemProxy */ = {
			isa = PBXContainerItemProxy;
			containerPortal = F92759DF1C79BC04009E5888 /* Alamofire.xcodeproj */;
			proxyType = 2;
			remoteGlobalIDString = F829C6B21A7A94F100A2CD59;
			remoteInfo = "Alamofire OSX Tests";
		};
		F92759F11C79BC04009E5888 /* PBXContainerItemProxy */ = {
			isa = PBXContainerItemProxy;
			containerPortal = F92759DF1C79BC04009E5888 /* Alamofire.xcodeproj */;
			proxyType = 2;
			remoteGlobalIDString = 4CF626EF1BA7CB3E0011A099;
			remoteInfo = "Alamofire tvOS";
		};
		F92759F31C79BC04009E5888 /* PBXContainerItemProxy */ = {
			isa = PBXContainerItemProxy;
			containerPortal = F92759DF1C79BC04009E5888 /* Alamofire.xcodeproj */;
			proxyType = 2;
			remoteGlobalIDString = 4CF626F81BA7CB3E0011A099;
			remoteInfo = "Alamofire tvOS Tests";
		};
		F92759F51C79BC04009E5888 /* PBXContainerItemProxy */ = {
			isa = PBXContainerItemProxy;
			containerPortal = F92759DF1C79BC04009E5888 /* Alamofire.xcodeproj */;
			proxyType = 2;
			remoteGlobalIDString = E4202FE01B667AA100C997FB;
			remoteInfo = "Alamofire watchOS";
		};
		F92759F91C79BC22009E5888 /* PBXContainerItemProxy */ = {
			isa = PBXContainerItemProxy;
			containerPortal = F92759DF1C79BC04009E5888 /* Alamofire.xcodeproj */;
			proxyType = 1;
			remoteGlobalIDString = F8111E3219A95C8B0040E7D1;
			remoteInfo = "Alamofire iOS";
		};
		F98BD2211C78329600BF57D3 /* PBXContainerItemProxy */ = {
			isa = PBXContainerItemProxy;
			containerPortal = F98BD2041C78329600BF57D3 /* Project object */;
			proxyType = 1;
			remoteGlobalIDString = F98BD20B1C78329600BF57D3;
			remoteInfo = PeltierControl;
		};
		F98BD22C1C78329700BF57D3 /* PBXContainerItemProxy */ = {
			isa = PBXContainerItemProxy;
			containerPortal = F98BD2041C78329600BF57D3 /* Project object */;
			proxyType = 1;
			remoteGlobalIDString = F98BD20B1C78329600BF57D3;
			remoteInfo = PeltierControl;
		};
/* End PBXContainerItemProxy section */

/* Begin PBXCopyFilesBuildPhase section */
		F9EE1DF01C79A09400AD914E /* Embed Frameworks */ = {
			isa = PBXCopyFilesBuildPhase;
			buildActionMask = 2147483647;
			dstPath = "";
			dstSubfolderSpec = 10;
			files = (
				F92759F81C79BC22009E5888 /* Alamofire.framework in Embed Frameworks */,
			);
			name = "Embed Frameworks";
			runOnlyForDeploymentPostprocessing = 0;
		};
/* End PBXCopyFilesBuildPhase section */

/* Begin PBXFileReference section */
		F92759DF1C79BC04009E5888 /* Alamofire.xcodeproj */ = {isa = PBXFileReference; lastKnownFileType = "wrapper.pb-project"; name = Alamofire.xcodeproj; path = ../../HackIllinois/Alamofire/Alamofire.xcodeproj; sourceTree = "<group>"; };
		F98BD20C1C78329600BF57D3 /* PeltierControl.app */ = {isa = PBXFileReference; explicitFileType = wrapper.application; includeInIndex = 0; path = PeltierControl.app; sourceTree = BUILT_PRODUCTS_DIR; };
		F98BD20F1C78329600BF57D3 /* AppDelegate.swift */ = {isa = PBXFileReference; lastKnownFileType = sourcecode.swift; path = AppDelegate.swift; sourceTree = "<group>"; };
		F98BD2111C78329600BF57D3 /* ViewController.swift */ = {isa = PBXFileReference; lastKnownFileType = sourcecode.swift; path = ViewController.swift; sourceTree = "<group>"; };
		F98BD2141C78329600BF57D3 /* Base */ = {isa = PBXFileReference; lastKnownFileType = file.storyboard; name = Base; path = Base.lproj/Main.storyboard; sourceTree = "<group>"; };
		F98BD2161C78329600BF57D3 /* Assets.xcassets */ = {isa = PBXFileReference; lastKnownFileType = folder.assetcatalog; path = Assets.xcassets; sourceTree = "<group>"; };
		F98BD2191C78329600BF57D3 /* Base */ = {isa = PBXFileReference; lastKnownFileType = file.storyboard; name = Base; path = Base.lproj/LaunchScreen.storyboard; sourceTree = "<group>"; };
		F98BD21B1C78329600BF57D3 /* Info.plist */ = {isa = PBXFileReference; lastKnownFileType = text.plist.xml; path = Info.plist; sourceTree = "<group>"; };
		F98BD2201C78329600BF57D3 /* PeltierControlTests.xctest */ = {isa = PBXFileReference; explicitFileType = wrapper.cfbundle; includeInIndex = 0; path = PeltierControlTests.xctest; sourceTree = BUILT_PRODUCTS_DIR; };
		F98BD2241C78329600BF57D3 /* PeltierControlTests.swift */ = {isa = PBXFileReference; lastKnownFileType = sourcecode.swift; path = PeltierControlTests.swift; sourceTree = "<group>"; };
		F98BD2261C78329700BF57D3 /* Info.plist */ = {isa = PBXFileReference; lastKnownFileType = text.plist.xml; path = Info.plist; sourceTree = "<group>"; };
		F98BD22B1C78329700BF57D3 /* PeltierControlUITests.xctest */ = {isa = PBXFileReference; explicitFileType = wrapper.cfbundle; includeInIndex = 0; path = PeltierControlUITests.xctest; sourceTree = BUILT_PRODUCTS_DIR; };
		F98BD22F1C78329700BF57D3 /* PeltierControlUITests.swift */ = {isa = PBXFileReference; lastKnownFileType = sourcecode.swift; path = PeltierControlUITests.swift; sourceTree = "<group>"; };
		F98BD2311C78329700BF57D3 /* Info.plist */ = {isa = PBXFileReference; lastKnownFileType = text.plist.xml; path = Info.plist; sourceTree = "<group>"; };
/* End PBXFileReference section */

/* Begin PBXFrameworksBuildPhase section */
		F98BD2091C78329600BF57D3 /* Frameworks */ = {
			isa = PBXFrameworksBuildPhase;
			buildActionMask = 2147483647;
			files = (
				F92759F71C79BC22009E5888 /* Alamofire.framework in Frameworks */,
			);
			runOnlyForDeploymentPostprocessing = 0;
		};
		F98BD21D1C78329600BF57D3 /* Frameworks */ = {
			isa = PBXFrameworksBuildPhase;
			buildActionMask = 2147483647;
			files = (
			);
			runOnlyForDeploymentPostprocessing = 0;
		};
		F98BD2281C78329700BF57D3 /* Frameworks */ = {
			isa = PBXFrameworksBuildPhase;
			buildActionMask = 2147483647;
			files = (
			);
			runOnlyForDeploymentPostprocessing = 0;
		};
/* End PBXFrameworksBuildPhase section */

/* Begin PBXGroup section */
		F92759E01C79BC04009E5888 /* Products */ = {
			isa = PBXGroup;
			children = (
				F92759EA1C79BC04009E5888 /* Alamofire.framework */,
				F92759EC1C79BC04009E5888 /* Alamofire iOS Tests.xctest */,
				F92759EE1C79BC04009E5888 /* Alamofire.framework */,
				F92759F01C79BC04009E5888 /* Alamofire OSX Tests.xctest */,
				F92759F21C79BC04009E5888 /* Alamofire.framework */,
				F92759F41C79BC04009E5888 /* Alamofire tvOS Tests.xctest */,
				F92759F61C79BC04009E5888 /* Alamofire.framework */,
			);
			name = Products;
			sourceTree = "<group>";
		};
		F98BD2031C78329600BF57D3 = {
			isa = PBXGroup;
			children = (
				F98BD20E1C78329600BF57D3 /* PeltierControl */,
				F98BD2231C78329600BF57D3 /* PeltierControlTests */,
				F98BD22E1C78329700BF57D3 /* PeltierControlUITests */,
				F98BD20D1C78329600BF57D3 /* Products */,
				F92759DF1C79BC04009E5888 /* Alamofire.xcodeproj */,
			);
			sourceTree = "<group>";
		};
		F98BD20D1C78329600BF57D3 /* Products */ = {
			isa = PBXGroup;
			children = (
				F98BD20C1C78329600BF57D3 /* PeltierControl.app */,
				F98BD2201C78329600BF57D3 /* PeltierControlTests.xctest */,
				F98BD22B1C78329700BF57D3 /* PeltierControlUITests.xctest */,
			);
			name = Products;
			sourceTree = "<group>";
		};
		F98BD20E1C78329600BF57D3 /* PeltierControl */ = {
			isa = PBXGroup;
			children = (
				F98BD20F1C78329600BF57D3 /* AppDelegate.swift */,
				F98BD2111C78329600BF57D3 /* ViewController.swift */,
				F98BD2131C78329600BF57D3 /* Main.storyboard */,
				F98BD2161C78329600BF57D3 /* Assets.xcassets */,
				F98BD2181C78329600BF57D3 /* LaunchScreen.storyboard */,
				F98BD21B1C78329600BF57D3 /* Info.plist */,
			);
			path = PeltierControl;
			sourceTree = "<group>";
		};
		F98BD2231C78329600BF57D3 /* PeltierControlTests */ = {
			isa = PBXGroup;
			children = (
				F98BD2241C78329600BF57D3 /* PeltierControlTests.swift */,
				F98BD2261C78329700BF57D3 /* Info.plist */,
			);
			path = PeltierControlTests;
			sourceTree = "<group>";
		};
		F98BD22E1C78329700BF57D3 /* PeltierControlUITests */ = {
			isa = PBXGroup;
			children = (
				F98BD22F1C78329700BF57D3 /* PeltierControlUITests.swift */,
				F98BD2311C78329700BF57D3 /* Info.plist */,
			);
			path = PeltierControlUITests;
			sourceTree = "<group>";
		};
/* End PBXGroup section */

/* Begin PBXNativeTarget section */
		F98BD20B1C78329600BF57D3 /* PeltierControl */ = {
			isa = PBXNativeTarget;
			buildConfigurationList = F98BD2341C78329700BF57D3 /* Build configuration list for PBXNativeTarget "PeltierControl" */;
			buildPhases = (
				F98BD2081C78329600BF57D3 /* Sources */,
				F98BD2091C78329600BF57D3 /* Frameworks */,
				F98BD20A1C78329600BF57D3 /* Resources */,
				F9EE1DF01C79A09400AD914E /* Embed Frameworks */,
			);
			buildRules = (
			);
			dependencies = (
				F92759FA1C79BC22009E5888 /* PBXTargetDependency */,
			);
			name = PeltierControl;
			productName = PeltierControl;
			productReference = F98BD20C1C78329600BF57D3 /* PeltierControl.app */;
			productType = "com.apple.product-type.application";
		};
		F98BD21F1C78329600BF57D3 /* PeltierControlTests */ = {
			isa = PBXNativeTarget;
			buildConfigurationList = F98BD2371C78329700BF57D3 /* Build configuration list for PBXNativeTarget "PeltierControlTests" */;
			buildPhases = (
				F98BD21C1C78329600BF57D3 /* Sources */,
				F98BD21D1C78329600BF57D3 /* Frameworks */,
				F98BD21E1C78329600BF57D3 /* Resources */,
			);
			buildRules = (
			);
			dependencies = (
				F98BD2221C78329600BF57D3 /* PBXTargetDependency */,
			);
			name = PeltierControlTests;
			productName = PeltierControlTests;
			productReference = F98BD2201C78329600BF57D3 /* PeltierControlTests.xctest */;
			productType = "com.apple.product-type.bundle.unit-test";
		};
		F98BD22A1C78329700BF57D3 /* PeltierControlUITests */ = {
			isa = PBXNativeTarget;
			buildConfigurationList = F98BD23A1C78329700BF57D3 /* Build configuration list for PBXNativeTarget "PeltierControlUITests" */;
			buildPhases = (
				F98BD2271C78329700BF57D3 /* Sources */,
				F98BD2281C78329700BF57D3 /* Frameworks */,
				F98BD2291C78329700BF57D3 /* Resources */,
			);
			buildRules = (
			);
			dependencies = (
				F98BD22D1C78329700BF57D3 /* PBXTargetDependency */,
			);
			name = PeltierControlUITests;
			productName = PeltierControlUITests;
			productReference = F98BD22B1C78329700BF57D3 /* PeltierControlUITests.xctest */;
			productType = "com.apple.product-type.bundle.ui-testing";
		};
/* End PBXNativeTarget section */

/* Begin PBXProject section */
		F98BD2041C78329600BF57D3 /* Project object */ = {
			isa = PBXProject;
			attributes = {
				LastSwiftUpdateCheck = 0720;
				LastUpgradeCheck = 0720;
				ORGANIZATIONNAME = "Rohit Banda";
				TargetAttributes = {
					F98BD20B1C78329600BF57D3 = {
						CreatedOnToolsVersion = 7.2.1;
						DevelopmentTeam = 3TTB7BX2E6;
					};
					F98BD21F1C78329600BF57D3 = {
						CreatedOnToolsVersion = 7.2.1;
						TestTargetID = F98BD20B1C78329600BF57D3;
					};
					F98BD22A1C78329700BF57D3 = {
						CreatedOnToolsVersion = 7.2.1;
						TestTargetID = F98BD20B1C78329600BF57D3;
					};
				};
			};
			buildConfigurationList = F98BD2071C78329600BF57D3 /* Build configuration list for PBXProject "PeltierControl" */;
			compatibilityVersion = "Xcode 3.2";
			developmentRegion = English;
			hasScannedForEncodings = 0;
			knownRegions = (
				en,
				Base,
			);
			mainGroup = F98BD2031C78329600BF57D3;
			productRefGroup = F98BD20D1C78329600BF57D3 /* Products */;
			projectDirPath = "";
			projectReferences = (
				{
					ProductGroup = F92759E01C79BC04009E5888 /* Products */;
					ProjectRef = F92759DF1C79BC04009E5888 /* Alamofire.xcodeproj */;
				},
			);
			projectRoot = "";
			targets = (
				F98BD20B1C78329600BF57D3 /* PeltierControl */,
				F98BD21F1C78329600BF57D3 /* PeltierControlTests */,
				F98BD22A1C78329700BF57D3 /* PeltierControlUITests */,
			);
		};
/* End PBXProject section */

/* Begin PBXReferenceProxy section */
		F92759EA1C79BC04009E5888 /* Alamofire.framework */ = {
			isa = PBXReferenceProxy;
			fileType = wrapper.framework;
			path = Alamofire.framework;
			remoteRef = F92759E91C79BC04009E5888 /* PBXContainerItemProxy */;
			sourceTree = BUILT_PRODUCTS_DIR;
		};
		F92759EC1C79BC04009E5888 /* Alamofire iOS Tests.xctest */ = {
			isa = PBXReferenceProxy;
			fileType = wrapper.cfbundle;
			path = "Alamofire iOS Tests.xctest";
			remoteRef = F92759EB1C79BC04009E5888 /* PBXContainerItemProxy */;
			sourceTree = BUILT_PRODUCTS_DIR;
		};
		F92759EE1C79BC04009E5888 /* Alamofire.framework */ = {
			isa = PBXReferenceProxy;
			fileType = wrapper.framework;
			path = Alamofire.framework;
			remoteRef = F92759ED1C79BC04009E5888 /* PBXContainerItemProxy */;
			sourceTree = BUILT_PRODUCTS_DIR;
		};
		F92759F01C79BC04009E5888 /* Alamofire OSX Tests.xctest */ = {
			isa = PBXReferenceProxy;
			fileType = wrapper.cfbundle;
			path = "Alamofire OSX Tests.xctest";
			remoteRef = F92759EF1C79BC04009E5888 /* PBXContainerItemProxy */;
			sourceTree = BUILT_PRODUCTS_DIR;
		};
		F92759F21C79BC04009E5888 /* Alamofire.framework */ = {
			isa = PBXReferenceProxy;
			fileType = wrapper.framework;
			path = Alamofire.framework;
			remoteRef = F92759F11C79BC04009E5888 /* PBXContainerItemProxy */;
			sourceTree = BUILT_PRODUCTS_DIR;
		};
		F92759F41C79BC04009E5888 /* Alamofire tvOS Tests.xctest */ = {
			isa = PBXReferenceProxy;
			fileType = wrapper.cfbundle;
			path = "Alamofire tvOS Tests.xctest";
			remoteRef = F92759F31C79BC04009E5888 /* PBXContainerItemProxy */;
			sourceTree = BUILT_PRODUCTS_DIR;
		};
		F92759F61C79BC04009E5888 /* Alamofire.framework */ = {
			isa = PBXReferenceProxy;
			fileType = wrapper.framework;
			path = Alamofire.framework;
			remoteRef = F92759F51C79BC04009E5888 /* PBXContainerItemProxy */;
			sourceTree = BUILT_PRODUCTS_DIR;
		};
/* End PBXReferenceProxy section */

/* Begin PBXResourcesBuildPhase section */
		F98BD20A1C78329600BF57D3 /* Resources */ = {
			isa = PBXResourcesBuildPhase;
			buildActionMask = 2147483647;
			files = (
				F98BD21A1C78329600BF57D3 /* LaunchScreen.storyboard in Resources */,
				F98BD2171C78329600BF57D3 /* Assets.xcassets in Resources */,
				F98BD2151C78329600BF57D3 /* Main.storyboard in Resources */,
			);
			runOnlyForDeploymentPostprocessing = 0;
		};
		F98BD21E1C78329600BF57D3 /* Resources */ = {
			isa = PBXResourcesBuildPhase;
			buildActionMask = 2147483647;
			files = (
			);
			runOnlyForDeploymentPostprocessing = 0;
		};
		F98BD2291C78329700BF57D3 /* Resources */ = {
			isa = PBXResourcesBuildPhase;
			buildActionMask = 2147483647;
			files = (
			);
			runOnlyForDeploymentPostprocessing = 0;
		};
/* End PBXResourcesBuildPhase section */

/* Begin PBXSourcesBuildPhase section */
		F98BD2081C78329600BF57D3 /* Sources */ = {
			isa = PBXSourcesBuildPhase;
			buildActionMask = 2147483647;
			files = (
				F98BD2121C78329600BF57D3 /* ViewController.swift in Sources */,
				F98BD2101C78329600BF57D3 /* AppDelegate.swift in Sources */,
			);
			runOnlyForDeploymentPostprocessing = 0;
		};
		F98BD21C1C78329600BF57D3 /* Sources */ = {
			isa = PBXSourcesBuildPhase;
			buildActionMask = 2147483647;
			files = (
				F98BD2251C78329600BF57D3 /* PeltierControlTests.swift in Sources */,
			);
			runOnlyForDeploymentPostprocessing = 0;
		};
		F98BD2271C78329700BF57D3 /* Sources */ = {
			isa = PBXSourcesBuildPhase;
			buildActionMask = 2147483647;
			files = (
				F98BD2301C78329700BF57D3 /* PeltierControlUITests.swift in Sources */,
			);
			runOnlyForDeploymentPostprocessing = 0;
		};
/* End PBXSourcesBuildPhase section */

/* Begin PBXTargetDependency section */
		F92759FA1C79BC22009E5888 /* PBXTargetDependency */ = {
			isa = PBXTargetDependency;
			name = "Alamofire iOS";
			targetProxy = F92759F91C79BC22009E5888 /* PBXContainerItemProxy */;
		};
		F98BD2221C78329600BF57D3 /* PBXTargetDependency */ = {
			isa = PBXTargetDependency;
			target = F98BD20B1C78329600BF57D3 /* PeltierControl */;
			targetProxy = F98BD2211C78329600BF57D3 /* PBXContainerItemProxy */;
		};
		F98BD22D1C78329700BF57D3 /* PBXTargetDependency */ = {
			isa = PBXTargetDependency;
			target = F98BD20B1C78329600BF57D3 /* PeltierControl */;
			targetProxy = F98BD22C1C78329700BF57D3 /* PBXContainerItemProxy */;
		};
/* End PBXTargetDependency section */

/* Begin PBXVariantGroup section */
		F98BD2131C78329600BF57D3 /* Main.storyboard */ = {
			isa = PBXVariantGroup;
			children = (
				F98BD2141C78329600BF57D3 /* Base */,
			);
			name = Main.storyboard;
			sourceTree = "<group>";
		};
		F98BD2181C78329600BF57D3 /* LaunchScreen.storyboard */ = {
			isa = PBXVariantGroup;
			children = (
				F98BD2191C78329600BF57D3 /* Base */,
			);
			name = LaunchScreen.storyboard;
			sourceTree = "<group>";
		};
/* End PBXVariantGroup section */

/* Begin XCBuildConfiguration section */
		F98BD2321C78329700BF57D3 /* Debug */ = {
			isa = XCBuildConfiguration;
			buildSettings = {
				ALWAYS_SEARCH_USER_PATHS = NO;
				CLANG_CXX_LANGUAGE_STANDARD = "gnu++0x";
				CLANG_CXX_LIBRARY = "libc++";
				CLANG_ENABLE_MODULES = YES;
				CLANG_ENABLE_OBJC_ARC = YES;
				CLANG_WARN_BOOL_CONVERSION = YES;
				CLANG_WARN_CONSTANT_CONVERSION = YES;
				CLANG_WARN_DIRECT_OBJC_ISA_USAGE = YES_ERROR;
				CLANG_WARN_EMPTY_BODY = YES;
				CLANG_WARN_ENUM_CONVERSION = YES;
				CLANG_WARN_INT_CONVERSION = YES;
				CLANG_WARN_OBJC_ROOT_CLASS = YES_ERROR;
				CLANG_WARN_UNREACHABLE_CODE = YES;
				CLANG_WARN__DUPLICATE_METHOD_MATCH = YES;
				"CODE_SIGN_IDENTITY[sdk=iphoneos*]" = "iPhone Developer";
				COPY_PHASE_STRIP = NO;
				DEBUG_INFORMATION_FORMAT = dwarf;
				ENABLE_STRICT_OBJC_MSGSEND = YES;
				ENABLE_TESTABILITY = YES;
				GCC_C_LANGUAGE_STANDARD = gnu99;
				GCC_DYNAMIC_NO_PIC = NO;
				GCC_NO_COMMON_BLOCKS = YES;
				GCC_OPTIMIZATION_LEVEL = 0;
				GCC_PREPROCESSOR_DEFINITIONS = (
					"DEBUG=1",
					"$(inherited)",
				);
				GCC_WARN_64_TO_32_BIT_CONVERSION = YES;
				GCC_WARN_ABOUT_RETURN_TYPE = YES_ERROR;
				GCC_WARN_UNDECLARED_SELECTOR = YES;
				GCC_WARN_UNINITIALIZED_AUTOS = YES_AGGRESSIVE;
				GCC_WARN_UNUSED_FUNCTION = YES;
				GCC_WARN_UNUSED_VARIABLE = YES;
				IPHONEOS_DEPLOYMENT_TARGET = 9.2;
				MTL_ENABLE_DEBUG_INFO = YES;
				ONLY_ACTIVE_ARCH = YES;
				SDKROOT = iphoneos;
				SWIFT_OPTIMIZATION_LEVEL = "-Onone";
				TARGETED_DEVICE_FAMILY = "1,2";
			};
			name = Debug;
		};
		F98BD2331C78329700BF57D3 /* Release */ = {
			isa = XCBuildConfiguration;
			buildSettings = {
				ALWAYS_SEARCH_USER_PATHS = NO;
				CLANG_CXX_LANGUAGE_STANDARD = "gnu++0x";
				CLANG_CXX_LIBRARY = "libc++";
				CLANG_ENABLE_MODULES = YES;
				CLANG_ENABLE_OBJC_ARC = YES;
				CLANG_WARN_BOOL_CONVERSION = YES;
				CLANG_WARN_CONSTANT_CONVERSION = YES;
				CLANG_WARN_DIRECT_OBJC_ISA_USAGE = YES_ERROR;
				CLANG_WARN_EMPTY_BODY = YES;
				CLANG_WARN_ENUM_CONVERSION = YES;
				CLANG_WARN_INT_CONVERSION = YES;
				CLANG_WARN_OBJC_ROOT_CLASS = YES_ERROR;
				CLANG_WARN_UNREACHABLE_CODE = YES;
				CLANG_WARN__DUPLICATE_METHOD_MATCH = YES;
				"CODE_SIGN_IDENTITY[sdk=iphoneos*]" = "iPhone Developer";
				COPY_PHASE_STRIP = NO;
				DEBUG_INFORMATION_FORMAT = "dwarf-with-dsym";
				ENABLE_NS_ASSERTIONS = NO;
				ENABLE_STRICT_OBJC_MSGSEND = YES;
				GCC_C_LANGUAGE_STANDARD = gnu99;
				GCC_NO_COMMON_BLOCKS = YES;
				GCC_WARN_64_TO_32_BIT_CONVERSION = YES;
				GCC_WARN_ABOUT_RETURN_TYPE = YES_ERROR;
				GCC_WARN_UNDECLARED_SELECTOR = YES;
				GCC_WARN_UNINITIALIZED_AUTOS = YES_AGGRESSIVE;
				GCC_WARN_UNUSED_FUNCTION = YES;
				GCC_WARN_UNUSED_VARIABLE = YES;
				IPHONEOS_DEPLOYMENT_TARGET = 9.2;
				MTL_ENABLE_DEBUG_INFO = NO;
				SDKROOT = iphoneos;
				TARGETED_DEVICE_FAMILY = "1,2";
				VALIDATE_PRODUCT = YES;
			};
			name = Release;
		};
		F98BD2351C78329700BF57D3 /* Debug */ = {
			isa = XCBuildConfiguration;
			buildSettings = {
				ASSETCATALOG_COMPILER_APPICON_NAME = AppIcon;
				CODE_SIGN_IDENTITY = "iPhone Developer";
				"CODE_SIGN_IDENTITY[sdk=iphoneos*]" = "iPhone Developer";
				EMBEDDED_CONTENT_CONTAINS_SWIFT = YES;
				INFOPLIST_FILE = PeltierControl/Info.plist;
				IPHONEOS_DEPLOYMENT_TARGET = 9.0;
				LD_RUNPATH_SEARCH_PATHS = "$(inherited) @executable_path/Frameworks";
				PRODUCT_BUNDLE_IDENTIFIER = com.RohitBanda.PeltierControl;
				PRODUCT_NAME = "$(TARGET_NAME)";
				PROVISIONING_PROFILE = "";
			};
			name = Debug;
		};
		F98BD2361C78329700BF57D3 /* Release */ = {
			isa = XCBuildConfiguration;
			buildSettings = {
				ASSETCATALOG_COMPILER_APPICON_NAME = AppIcon;
				CODE_SIGN_IDENTITY = "iPhone Developer";
				"CODE_SIGN_IDENTITY[sdk=iphoneos*]" = "iPhone Developer";
				EMBEDDED_CONTENT_CONTAINS_SWIFT = YES;
				INFOPLIST_FILE = PeltierControl/Info.plist;
				IPHONEOS_DEPLOYMENT_TARGET = 9.0;
				LD_RUNPATH_SEARCH_PATHS = "$(inherited) @executable_path/Frameworks";
				PRODUCT_BUNDLE_IDENTIFIER = com.RohitBanda.PeltierControl;
				PRODUCT_NAME = "$(TARGET_NAME)";
				PROVISIONING_PROFILE = "";
			};
			name = Release;
		};
		F98BD2381C78329700BF57D3 /* Debug */ = {
			isa = XCBuildConfiguration;
			buildSettings = {
				BUNDLE_LOADER = "$(TEST_HOST)";
				INFOPLIST_FILE = PeltierControlTests/Info.plist;
				LD_RUNPATH_SEARCH_PATHS = "$(inherited) @executable_path/Frameworks @loader_path/Frameworks";
				PRODUCT_BUNDLE_IDENTIFIER = com.RohitBanda.PeltierControlTests;
				PRODUCT_NAME = "$(TARGET_NAME)";
				TEST_HOST = "$(BUILT_PRODUCTS_DIR)/PeltierControl.app/PeltierControl";
			};
			name = Debug;
		};
		F98BD2391C78329700BF57D3 /* Release */ = {
			isa = XCBuildConfiguration;
			buildSettings = {
				BUNDLE_LOADER = "$(TEST_HOST)";
				INFOPLIST_FILE = PeltierControlTests/Info.plist;
				LD_RUNPATH_SEARCH_PATHS = "$(inherited) @executable_path/Frameworks @loader_path/Frameworks";
				PRODUCT_BUNDLE_IDENTIFIER = com.RohitBanda.PeltierControlTests;
				PRODUCT_NAME = "$(TARGET_NAME)";
				TEST_HOST = "$(BUILT_PRODUCTS_DIR)/PeltierControl.app/PeltierControl";
			};
			name = Release;
		};
		F98BD23B1C78329700BF57D3 /* Debug */ = {
			isa = XCBuildConfiguration;
			buildSettings = {
				INFOPLIST_FILE = PeltierControlUITests/Info.plist;
				LD_RUNPATH_SEARCH_PATHS = "$(inherited) @executable_path/Frameworks @loader_path/Frameworks";
				PRODUCT_BUNDLE_IDENTIFIER = com.RohitBanda.PeltierControlUITests;
				PRODUCT_NAME = "$(TARGET_NAME)";
				TEST_TARGET_NAME = PeltierControl;
				USES_XCTRUNNER = YES;
			};
			name = Debug;
		};
		F98BD23C1C78329700BF57D3 /* Release */ = {
			isa = XCBuildConfiguration;
			buildSettings = {
				INFOPLIST_FILE = PeltierControlUITests/Info.plist;
				LD_RUNPATH_SEARCH_PATHS = "$(inherited) @executable_path/Frameworks @loader_path/Frameworks";
				PRODUCT_BUNDLE_IDENTIFIER = com.RohitBanda.PeltierControlUITests;
				PRODUCT_NAME = "$(TARGET_NAME)";
				TEST_TARGET_NAME = PeltierControl;
				USES_XCTRUNNER = YES;
			};
			name = Release;
		};
/* End XCBuildConfiguration section */

/* Begin XCConfigurationList section */
		F98BD2071C78329600BF57D3 /* Build configuration list for PBXProject "PeltierControl" */ = {
			isa = XCConfigurationList;
			buildConfigurations = (
				F98BD2321C78329700BF57D3 /* Debug */,
				F98BD2331C78329700BF57D3 /* Release */,
			);
			defaultConfigurationIsVisible = 0;
			defaultConfigurationName = Release;
		};
		F98BD2341C78329700BF57D3 /* Build configuration list for PBXNativeTarget "PeltierControl" */ = {
			isa = XCConfigurationList;
			buildConfigurations = (
				F98BD2351C78329700BF57D3 /* Debug */,
				F98BD2361C78329700BF57D3 /* Release */,
			);
			defaultConfigurationIsVisible = 0;
			defaultConfigurationName = Release;
		};
		F98BD2371C78329700BF57D3 /* Build configuration list for PBXNativeTarget "PeltierControlTests" */ = {
			isa = XCConfigurationList;
			buildConfigurations = (
				F98BD2381C78329700BF57D3 /* Debug */,
				F98BD2391C78329700BF57D3 /* Release */,
			);
			defaultConfigurationIsVisible = 0;
			defaultConfigurationName = Release;
		};
		F98BD23A1C78329700BF57D3 /* Build configuration list for PBXNativeTarget "PeltierControlUITests" */ = {
			isa = XCConfigurationList;
			buildConfigurations = (
				F98BD23B1C78329700BF57D3 /* Debug */,
				F98BD23C1C78329700BF57D3 /* Release */,
			);
			defaultConfigurationIsVisible = 0;
			defaultConfigurationName = Release;
		};
/* End XCConfigurationList section */
	};
	rootObject = F98BD2041C78329600BF57D3 /* Project object */;
}
